
Microsoft Visual Studio Solution File, Format Version 11.00
# Visual Studio 2010
Project("{8BC9CEB8-8B4A-11D0-8D11-00A0C91BC942}") = "HeliosUsbWrapper", "HeliosUsbWrapper\HeliosUsbWrapper.vcxproj", "{3820A5F5-B45F-4C30-B91C-7B8D66B02819}"
EndProject
Project("{FAE04EC0-301F-11D3-BF4B-00C04F79EFBC}") = "CameraViewer", "CameraViewer\CameraViewer.csproj", "{5C5CBC5D-7429-4A43-94DB-868C346F8CB7}"
EndProject
Global
	GlobalSection(SolutionConfigurationPlatforms) = preSolution
		Debug|Mixed Platforms = Debug|Mixed Platforms
		Debug|Win32 = Debug|Win32
		Debug|x64 = Debug|x64
		Debug|x86 = Debug|x86
		Release|Mixed Platforms = Release|Mixed Platforms
		Release|Win32 = Release|Win32
		Release|x64 = Release|x64
		Release|x86 = Release|x86
	EndGlobalSection
	GlobalSection(ProjectConfigurationPlatforms) = postSolution
		{3820A5F5-B45F-4C30-B91C-7B8D66B02819}.Debug|Mixed Platforms.ActiveCfg = Debug|x64
		{3820A5F5-B45F-4C30-B91C-7B8D66B02819}.Debug|Mixed Platforms.Build.0 = Debug|x64
		{3820A5F5-B45F-4C30-B91C-7B8D66B02819}.Debug|Win32.ActiveCfg = Debug|Win32
		{3820A5F5-B45F-4C30-B91C-7B8D66B02819}.Debug|Win32.Build.0 = Debug|Win32
		{3820A5F5-B45F-4C30-B91C-7B8D66B02819}.Debug|x64.ActiveCfg = Debug|x64
		{3820A5F5-B45F-4C30-B91C-7B8D66B02819}.Debug|x86.ActiveCfg = Debug|x64
		{3820A5F5-B45F-4C30-B91C-7B8D66B02819}.Release|Mixed Platforms.ActiveCfg = Release|x64
		{3820A5F5-B45F-4C30-B91C-7B8D66B02819}.Release|Mixed Platforms.Build.0 = Release|x64
		{3820A5F5-B45F-4C30-B91C-7B8D66B02819}.Release|Win32.ActiveCfg = Release|Win32
		{3820A5F5-B45F-4C30-B91C-7B8D66B02819}.Release|Win32.Build.0 = Release|Win32
		{3820A5F5-B45F-4C30-B91C-7B8D66B02819}.Release|x64.ActiveCfg = Release|Win32
		{3820A5F5-B45F-4C30-B91C-7B8D66B02819}.Release|x86.ActiveCfg = Release|x64
		{5C5CBC5D-7429-4A43-94DB-868C346F8CB7}.Debug|Mixed Platforms.ActiveCfg = Debug|x86
		{5C5CBC5D-7429-4A43-94DB-868C346F8CB7}.Debug|Mixed Platforms.Build.0 = Debug|x86
		{5C5CBC5D-7429-4A43-94DB-868C346F8CB7}.Debug|Win32.ActiveCfg = Debug|x86
		{5C5CBC5D-7429-4A43-94DB-868C346F8CB7}.Debug|x64.ActiveCfg = Debug|x86
		{5C5CBC5D-7429-4A43-94DB-868C346F8CB7}.Debug|x86.ActiveCfg = Debug|x86
		{5C5CBC5D-7429-4A43-94DB-868C346F8CB7}.Debug|x86.Build.0 = Debug|x86
		{5C5CBC5D-7429-4A43-94DB-868C346F8CB7}.Release|Mixed Platforms.ActiveCfg = Release|x86
		{5C5CBC5D-7429-4A43-94DB-868C346F8CB7}.Release|Mixed Platforms.Build.0 = Release|x86
		{5C5CBC5D-7429-4A43-94DB-868C346F8CB7}.Release|Win32.ActiveCfg = Release|x86
		{5C5CBC5D-7429-4A43-94DB-868C346F8CB7}.Release|x64.ActiveCfg = Release|x86
		{5C5CBC5D-7429-4A43-94DB-868C346F8CB7}.Release|x86.ActiveCfg = Release|x86
		{5C5CBC5D-7429-4A43-94DB-868C346F8CB7}.Release|x86.Build.0 = Release|x86
	EndGlobalSection
	GlobalSection(SolutionProperties) = preSolution
		HideSolutionNode = FALSE
	EndGlobalSection
EndGlobal
